
Microsoft Visual Studio Solution File, Format Version 12.00
# Visual Studio Version 17
VisualStudioVersion = 17.0.31903.59
MinimumVisualStudioVersion = 10.0.40219.1
Project("{2150E333-8FDC-42A3-9474-1A3956D46DE8}") = "FrontEnd", "FrontEnd", "{636876AB-8CF3-4AA8-BDA9-B386C31665B3}"
EndProject
Project("{2150E333-8FDC-42A3-9474-1A3956D46DE8}") = "Gateway", "Gateway", "{B989CDAF-B299-46D3-BEF7-18EB9D4247DE}"
EndProject
Project("{2150E333-8FDC-42A3-9474-1A3956D46DE8}") = "Integration", "Integration", "{02A66B75-C612-4261-94B3-DD2FC44FC9E9}"
EndProject
Project("{2150E333-8FDC-42A3-9474-1A3956D46DE8}") = "Payments", "Payments", "{83966846-514B-4A73-B132-343DD2C62C63}"
EndProject
Project("{2150E333-8FDC-42A3-9474-1A3956D46DE8}") = "Services", "Services", "{E3AA98FA-8CE2-45CD-A926-CF4D99A60F1F}"
EndProject
Project("{2150E333-8FDC-42A3-9474-1A3956D46DE8}") = "Solution Items", "Solution Items", "{D4CFC109-3B8B-499D-AAAC-984C4B0957F6}"
	ProjectSection(SolutionItems) = preProject
		InitialSetup.txt = InitialSetup.txt
		README.md = README.md
	EndProjectSection
EndProject
Project("{9A19103F-16F7-4668-BE54-9A1E7A4F7556}") = "AuthService.API", "Services\AuthServices\AuthService.API.csproj", "{095053E9-CB8A-4127-9D49-17178EE62258}"
EndProject
Project("{9A19103F-16F7-4668-BE54-9A1E7A4F7556}") = "APIGateway", "Gateway\APIGateway\APIGateway.csproj", "{67FBBAEA-9E22-409D-A465-7FF48889D4E9}"
EndProject
Project("{9A19103F-16F7-4668-BE54-9A1E7A4F7556}") = "FileService.API", "Services\FilesServices\FileService.API.csproj", "{BADF2649-A538-4111-964D-481D6A779B62}"
EndProject
Project("{9A19103F-16F7-4668-BE54-9A1E7A4F7556}") = "FileService.Application", "Services\FileService.Application\FileService.Application.csproj", "{E44E8EEE-DFD2-4725-88B7-4D2097033874}"
EndProject
Project("{9A19103F-16F7-4668-BE54-9A1E7A4F7556}") = "AuthService.Infrastructure", "Services\AuthService.Infrastructure\AuthService.Infrastructure.csproj", "{AFA62AC0-6320-44AD-8AC3-10968A11DAF7}"
EndProject
Project("{9A19103F-16F7-4668-BE54-9A1E7A4F7556}") = "AuthService.Domain", "Services\AuthService.Domain\AuthService.Domain.csproj", "{4AC2C71D-E3A3-4CF4-997A-6004B87C540F}"
EndProject
Project("{9A19103F-16F7-4668-BE54-9A1E7A4F7556}") = "FileService.Domain", "Services\FileService.Domain\FileService.Domain.csproj", "{AE7D7C7D-39E8-4B22-A83C-CB14E52EFD9F}"
EndProject
Project("{9A19103F-16F7-4668-BE54-9A1E7A4F7556}") = "FileService.Infrastructure", "Services\FileService.Infrastructure\FileService.Infrastructure.csproj", "{4F59D516-D060-401A-8699-79F4F1097D95}"
EndProject
Project("{9A19103F-16F7-4668-BE54-9A1E7A4F7556}") = "AuthService.Application", "Services\AuthService.Application\AuthService.Application.csproj", "{EFA5CCFA-85CE-4A4C-AFE6-EB89F64B78FE}"
EndProject
Project("{2150E333-8FDC-42A3-9474-1A3956D46DE8}") = "Payment", "Payment", "{D6F0285E-E5A4-484B-A028-0417D7D84525}"
EndProject
Project("{2150E333-8FDC-42A3-9474-1A3956D46DE8}") = "Integrations", "Integrations", "{69443699-67C0-4094-95E8-0857C0DB9231}"
EndProject
Project("{2150E333-8FDC-42A3-9474-1A3956D46DE8}") = "FrontEnds", "FrontEnds", "{294B5ED3-3FB9-4EBF-86E5-0653E8D55691}"
EndProject
Project("{9A19103F-16F7-4668-BE54-9A1E7A4F7556}") = "AuthECAPI", "FrontEnd\AuthECAPI\AuthECAPI\AuthECAPI.csproj", "{FE212A15-49B0-4DC8-960B-F73472C4400C}"
EndProject
Project("{9A19103F-16F7-4668-BE54-9A1E7A4F7556}") = "crud-dotnet-api", "FrontEnd\crud-dotnet-api\crud-dotnet-api\crud-dotnet-api.csproj", "{F26EE668-7D6C-4365-989E-61E744ECDE4D}"
EndProject
Project("{9A19103F-16F7-4668-BE54-9A1E7A4F7556}") = "PaymentAPI", "FrontEnd\PaymentAPI\PaymentAPI\PaymentAPI.csproj", "{72DE0328-0C06-4058-9804-0F5B7292E22C}"
EndProject
Global
	GlobalSection(SolutionConfigurationPlatforms) = preSolution
		Debug|Any CPU = Debug|Any CPU
		Release|Any CPU = Release|Any CPU
	EndGlobalSection
	GlobalSection(ProjectConfigurationPlatforms) = postSolution
		{095053E9-CB8A-4127-9D49-17178EE62258}.Debug|Any CPU.ActiveCfg = Debug|Any CPU
		{095053E9-CB8A-4127-9D49-17178EE62258}.Debug|Any CPU.Build.0 = Debug|Any CPU
		{095053E9-CB8A-4127-9D49-17178EE62258}.Release|Any CPU.ActiveCfg = Release|Any CPU
		{095053E9-CB8A-4127-9D49-17178EE62258}.Release|Any CPU.Build.0 = Release|Any CPU
		{67FBBAEA-9E22-409D-A465-7FF48889D4E9}.Debug|Any CPU.ActiveCfg = Debug|Any CPU
		{67FBBAEA-9E22-409D-A465-7FF48889D4E9}.Debug|Any CPU.Build.0 = Debug|Any CPU
		{67FBBAEA-9E22-409D-A465-7FF48889D4E9}.Release|Any CPU.ActiveCfg = Release|Any CPU
		{67FBBAEA-9E22-409D-A465-7FF48889D4E9}.Release|Any CPU.Build.0 = Release|Any CPU
		{BADF2649-A538-4111-964D-481D6A779B62}.Debug|Any CPU.ActiveCfg = Debug|Any CPU
		{BADF2649-A538-4111-964D-481D6A779B62}.Debug|Any CPU.Build.0 = Debug|Any CPU
		{BADF2649-A538-4111-964D-481D6A779B62}.Release|Any CPU.ActiveCfg = Release|Any CPU
		{BADF2649-A538-4111-964D-481D6A779B62}.Release|Any CPU.Build.0 = Release|Any CPU
		{E44E8EEE-DFD2-4725-88B7-4D2097033874}.Debug|Any CPU.ActiveCfg = Debug|Any CPU
		{E44E8EEE-DFD2-4725-88B7-4D2097033874}.Debug|Any CPU.Build.0 = Debug|Any CPU
		{E44E8EEE-DFD2-4725-88B7-4D2097033874}.Release|Any CPU.ActiveCfg = Release|Any CPU
		{E44E8EEE-DFD2-4725-88B7-4D2097033874}.Release|Any CPU.Build.0 = Release|Any CPU
		{AFA62AC0-6320-44AD-8AC3-10968A11DAF7}.Debug|Any CPU.ActiveCfg = Debug|Any CPU
		{AFA62AC0-6320-44AD-8AC3-10968A11DAF7}.Debug|Any CPU.Build.0 = Debug|Any CPU
		{AFA62AC0-6320-44AD-8AC3-10968A11DAF7}.Release|Any CPU.ActiveCfg = Release|Any CPU
		{AFA62AC0-6320-44AD-8AC3-10968A11DAF7}.Release|Any CPU.Build.0 = Release|Any CPU
		{4AC2C71D-E3A3-4CF4-997A-6004B87C540F}.Debug|Any CPU.ActiveCfg = Debug|Any CPU
		{4AC2C71D-E3A3-4CF4-997A-6004B87C540F}.Debug|Any CPU.Build.0 = Debug|Any CPU
		{4AC2C71D-E3A3-4CF4-997A-6004B87C540F}.Release|Any CPU.ActiveCfg = Release|Any CPU
		{4AC2C71D-E3A3-4CF4-997A-6004B87C540F}.Release|Any CPU.Build.0 = Release|Any CPU
		{AE7D7C7D-39E8-4B22-A83C-CB14E52EFD9F}.Debug|Any CPU.ActiveCfg = Debug|Any CPU
		{AE7D7C7D-39E8-4B22-A83C-CB14E52EFD9F}.Debug|Any CPU.Build.0 = Debug|Any CPU
		{AE7D7C7D-39E8-4B22-A83C-CB14E52EFD9F}.Release|Any CPU.ActiveCfg = Release|Any CPU
		{AE7D7C7D-39E8-4B22-A83C-CB14E52EFD9F}.Release|Any CPU.Build.0 = Release|Any CPU
		{4F59D516-D060-401A-8699-79F4F1097D95}.Debug|Any CPU.ActiveCfg = Debug|Any CPU
		{4F59D516-D060-401A-8699-79F4F1097D95}.Debug|Any CPU.Build.0 = Debug|Any CPU
		{4F59D516-D060-401A-8699-79F4F1097D95}.Release|Any CPU.ActiveCfg = Release|Any CPU
		{4F59D516-D060-401A-8699-79F4F1097D95}.Release|Any CPU.Build.0 = Release|Any CPU
		{EFA5CCFA-85CE-4A4C-AFE6-EB89F64B78FE}.Debug|Any CPU.ActiveCfg = Debug|Any CPU
		{EFA5CCFA-85CE-4A4C-AFE6-EB89F64B78FE}.Debug|Any CPU.Build.0 = Debug|Any CPU
		{EFA5CCFA-85CE-4A4C-AFE6-EB89F64B78FE}.Release|Any CPU.ActiveCfg = Release|Any CPU
		{EFA5CCFA-85CE-4A4C-AFE6-EB89F64B78FE}.Release|Any CPU.Build.0 = Release|Any CPU
		{FE212A15-49B0-4DC8-960B-F73472C4400C}.Debug|Any CPU.ActiveCfg = Debug|Any CPU
		{FE212A15-49B0-4DC8-960B-F73472C4400C}.Debug|Any CPU.Build.0 = Debug|Any CPU
		{FE212A15-49B0-4DC8-960B-F73472C4400C}.Release|Any CPU.ActiveCfg = Release|Any CPU
		{FE212A15-49B0-4DC8-960B-F73472C4400C}.Release|Any CPU.Build.0 = Release|Any CPU
		{F26EE668-7D6C-4365-989E-61E744ECDE4D}.Debug|Any CPU.ActiveCfg = Debug|Any CPU
		{F26EE668-7D6C-4365-989E-61E744ECDE4D}.Debug|Any CPU.Build.0 = Debug|Any CPU
		{F26EE668-7D6C-4365-989E-61E744ECDE4D}.Release|Any CPU.ActiveCfg = Release|Any CPU
		{F26EE668-7D6C-4365-989E-61E744ECDE4D}.Release|Any CPU.Build.0 = Release|Any CPU
		{72DE0328-0C06-4058-9804-0F5B7292E22C}.Debug|Any CPU.ActiveCfg = Debug|Any CPU
		{72DE0328-0C06-4058-9804-0F5B7292E22C}.Debug|Any CPU.Build.0 = Debug|Any CPU
		{72DE0328-0C06-4058-9804-0F5B7292E22C}.Release|Any CPU.ActiveCfg = Release|Any CPU
		{72DE0328-0C06-4058-9804-0F5B7292E22C}.Release|Any CPU.Build.0 = Release|Any CPU
	EndGlobalSection
	GlobalSection(SolutionProperties) = preSolution
		HideSolutionNode = FALSE
	EndGlobalSection
	GlobalSection(NestedProjects) = preSolution
		{095053E9-CB8A-4127-9D49-17178EE62258} = {E3AA98FA-8CE2-45CD-A926-CF4D99A60F1F}
		{67FBBAEA-9E22-409D-A465-7FF48889D4E9} = {B989CDAF-B299-46D3-BEF7-18EB9D4247DE}
		{BADF2649-A538-4111-964D-481D6A779B62} = {E3AA98FA-8CE2-45CD-A926-CF4D99A60F1F}
		{E44E8EEE-DFD2-4725-88B7-4D2097033874} = {E3AA98FA-8CE2-45CD-A926-CF4D99A60F1F}
		{AFA62AC0-6320-44AD-8AC3-10968A11DAF7} = {E3AA98FA-8CE2-45CD-A926-CF4D99A60F1F}
		{4AC2C71D-E3A3-4CF4-997A-6004B87C540F} = {E3AA98FA-8CE2-45CD-A926-CF4D99A60F1F}
		{AE7D7C7D-39E8-4B22-A83C-CB14E52EFD9F} = {E3AA98FA-8CE2-45CD-A926-CF4D99A60F1F}
		{4F59D516-D060-401A-8699-79F4F1097D95} = {E3AA98FA-8CE2-45CD-A926-CF4D99A60F1F}
		{EFA5CCFA-85CE-4A4C-AFE6-EB89F64B78FE} = {E3AA98FA-8CE2-45CD-A926-CF4D99A60F1F}
		{FE212A15-49B0-4DC8-960B-F73472C4400C} = {E3AA98FA-8CE2-45CD-A926-CF4D99A60F1F}
		{F26EE668-7D6C-4365-989E-61E744ECDE4D} = {E3AA98FA-8CE2-45CD-A926-CF4D99A60F1F}
		{72DE0328-0C06-4058-9804-0F5B7292E22C} = {E3AA98FA-8CE2-45CD-A926-CF4D99A60F1F}
	EndGlobalSection
	GlobalSection(ExtensibilityGlobals) = postSolution
		SolutionGuid = {9F2E081E-419D-4D3B-8154-BE1A06E03B7B}
	EndGlobalSection
EndGlobal
